// !$*UTF8*$!
{
	archiveVersion = 1;
	classes = {
	};
	objectVersion = 77;
	objects = {

/* Begin PBXContainerItemProxy section */
		CA84DA762E4C716200967948 /* PBXContainerItemProxy */ = {
			isa = PBXContainerItemProxy;
			containerPortal = CA84DA5B2E4C715F00967948 /* Project object */;
			proxyType = 1;
			remoteGlobalIDString = CA84DA622E4C715F00967948;
			remoteInfo = eWeather;
		};
		CA84DA802E4C716200967948 /* PBXContainerItemProxy */ = {
			isa = PBXContainerItemProxy;
			containerPortal = CA84DA5B2E4C715F00967948 /* Project object */;
			proxyType = 1;
			remoteGlobalIDString = CA84DA622E4C715F00967948;
			remoteInfo = eWeather;
		};
/* End PBXContainerItemProxy section */

/* Begin PBXFileReference section */
		CA84DA632E4C715F00967948 /* eWeather.app */ = {isa = PBXFileReference; explicitFileType = wrapper.application; includeInIndex = 0; path = eWeather.app; sourceTree = BUILT_PRODUCTS_DIR; };
		CA84DA752E4C716200967948 /* eWeatherTests.xctest */ = {isa = PBXFileReference; explicitFileType = wrapper.cfbundle; includeInIndex = 0; path = eWeatherTests.xctest; sourceTree = BUILT_PRODUCTS_DIR; };
		CA84DA7F2E4C716200967948 /* eWeatherUITests.xctest */ = {isa = PBXFileReference; explicitFileType = wrapper.cfbundle; includeInIndex = 0; path = eWeatherUITests.xctest; sourceTree = BUILT_PRODUCTS_DIR; };
/* End PBXFileReference section */

/* Begin PBXFileSystemSynchronizedRootGroup section */
		CA84DA652E4C715F00967948 /* eWeather */ = {
			isa = PBXFileSystemSynchronizedRootGroup;
			path = eWeather;
			sourceTree = "<group>";
		};
		CA84DA782E4C716200967948 /* eWeatherTests */ = {
			isa = PBXFileSystemSynchronizedRootGroup;
			path = eWeatherTests;
			sourceTree = "<group>";
		};
		CA84DA822E4C716200967948 /* eWeatherUITests */ = {
			isa = PBXFileSystemSynchronizedRootGroup;
			path = eWeatherUITests;
			sourceTree = "<group>";
		};
/* End PBXFileSystemSynchronizedRootGroup section */

/* Begin PBXFrameworksBuildPhase section */
		CA84DA602E4C715F00967948 /* Frameworks */ = {
			isa = PBXFrameworksBuildPhase;
			buildActionMask = 2147483647;
			files = (
			);
			runOnlyForDeploymentPostprocessing = 0;
		};
		CA84DA722E4C716200967948 /* Frameworks */ = {
			isa = PBXFrameworksBuildPhase;
			buildActionMask = 2147483647;
			files = (
			);
			runOnlyForDeploymentPostprocessing = 0;
		};
		CA84DA7C2E4C716200967948 /* Frameworks */ = {
			isa = PBXFrameworksBuildPhase;
			buildActionMask = 2147483647;
			files = (
			);
			runOnlyForDeploymentPostprocessing = 0;
		};
/* End PBXFrameworksBuildPhase section */

/* Begin PBXGroup section */
		CA84DA5A2E4C715F00967948 = {
			isa = PBXGroup;
			children = (
				CA84DA652E4C715F00967948 /* eWeather */,
				CA84DA782E4C716200967948 /* eWeatherTests */,
				CA84DA822E4C716200967948 /* eWeatherUITests */,
				CA84DA642E4C715F00967948 /* Products */,
			);
			sourceTree = "<group>";
		};
		CA84DA642E4C715F00967948 /* Products */ = {
			isa = PBXGroup;
			children = (
				CA84DA632E4C715F00967948 /* eWeather.app */,
				CA84DA752E4C716200967948 /* eWeatherTests.xctest */,
				CA84DA7F2E4C716200967948 /* eWeatherUITests.xctest */,
			);
			name = Products;
			sourceTree = "<group>";
		};
/* End PBXGroup section */

/* Begin PBXNativeTarget section */
		CA84DA622E4C715F00967948 /* eWeather */ = {
			isa = PBXNativeTarget;
			buildConfigurationList = CA84DA892E4C716300967948 /* Build configuration list for PBXNativeTarget "eWeather" */;
			buildPhases = (
				CA84DA5F2E4C715F00967948 /* Sources */,
				CA84DA602E4C715F00967948 /* Frameworks */,
				CA84DA612E4C715F00967948 /* Resources */,
			);
			buildRules = (
			);
			dependencies = (
			);
			fileSystemSynchronizedGroups = (
				CA84DA652E4C715F00967948 /* eWeather */,
			);
			name = eWeather;
			packageProductDependencies = (
			);
			productName = eWeather;
			productReference = CA84DA632E4C715F00967948 /* eWeather.app */;
			productType = "com.apple.product-type.application";
		};
		CA84DA742E4C716200967948 /* eWeatherTests */ = {
			isa = PBXNativeTarget;
			buildConfigurationList = CA84DA8C2E4C716300967948 /* Build configuration list for PBXNativeTarget "eWeatherTests" */;
			buildPhases = (
				CA84DA712E4C716200967948 /* Sources */,
				CA84DA722E4C716200967948 /* Frameworks */,
				CA84DA732E4C716200967948 /* Resources */,
			);
			buildRules = (
			);
			dependencies = (
				CA84DA772E4C716200967948 /* PBXTargetDependency */,
			);
			fileSystemSynchronizedGroups = (
				CA84DA782E4C716200967948 /* eWeatherTests */,
			);
			name = eWeatherTests;
			packageProductDependencies = (
			);
			productName = eWeatherTests;
			productReference = CA84DA752E4C716200967948 /* eWeatherTests.xctest */;
			productType = "com.apple.product-type.bundle.unit-test";
		};
		CA84DA7E2E4C716200967948 /* eWeatherUITests */ = {
			isa = PBXNativeTarget;
			buildConfigurationList = CA84DA8F2E4C716300967948 /* Build configuration list for PBXNativeTarget "eWeatherUITests" */;
			buildPhases = (
				CA84DA7B2E4C716200967948 /* Sources */,
				CA84DA7C2E4C716200967948 /* Frameworks */,
				CA84DA7D2E4C716200967948 /* Resources */,
			);
			buildRules = (
			);
			dependencies = (
				CA84DA812E4C716200967948 /* PBXTargetDependency */,
			);
			fileSystemSynchronizedGroups = (
				CA84DA822E4C716200967948 /* eWeatherUITests */,
			);
			name = eWeatherUITests;
			packageProductDependencies = (
			);
			productName = eWeatherUITests;
			productReference = CA84DA7F2E4C716200967948 /* eWeatherUITests.xctest */;
			productType = "com.apple.product-type.bundle.ui-testing";
		};
/* End PBXNativeTarget section */

/* Begin PBXProject section */
		CA84DA5B2E4C715F00967948 /* Project object */ = {
			isa = PBXProject;
			attributes = {
				BuildIndependentTargetsInParallel = 1;
				LastUpgradeCheck = 1640;
				TargetAttributes = {
					CA84DA622E4C715F00967948 = {
						CreatedOnToolsVersion = 16.4;
					};
					CA84DA742E4C716200967948 = {
						CreatedOnToolsVersion = 16.4;
						TestTargetID = CA84DA622E4C715F00967948;
					};
					CA84DA7E2E4C716200967948 = {
						CreatedOnToolsVersion = 16.4;
						TestTargetID = CA84DA622E4C715F00967948;
					};
				};
			};
			buildConfigurationList = CA84DA5E2E4C715F00967948 /* Build configuration list for PBXProject "eWeather" */;
			developmentRegion = en;
			hasScannedForEncodings = 0;
			knownRegions = (
				en,
				Base,
			);
			mainGroup = CA84DA5A2E4C715F00967948;
			minimizedProjectReferenceProxies = 1;
			preferredProjectObjectVersion = 77;
			productRefGroup = CA84DA642E4C715F00967948 /* Products */;
			projectDirPath = "";
			projectRoot = "";
			targets = (
				CA84DA622E4C715F00967948 /* eWeather */,
				CA84DA742E4C716200967948 /* eWeatherTests */,
				CA84DA7E2E4C716200967948 /* eWeatherUITests */,
			);
		};
/* End PBXProject section */

/* Begin PBXResourcesBuildPhase section */
		CA84DA612E4C715F00967948 /* Resources */ = {
			isa = PBXResourcesBuildPhase;
			buildActionMask = 2147483647;
			files = (
			);
			runOnlyForDeploymentPostprocessing = 0;
		};
		CA84DA732E4C716200967948 /* Resources */ = {
			isa = PBXResourcesBuildPhase;
			buildActionMask = 2147483647;
			files = (
			);
			runOnlyForDeploymentPostprocessing = 0;
		};
		CA84DA7D2E4C716200967948 /* Resources */ = {
			isa = PBXResourcesBuildPhase;
			buildActionMask = 2147483647;
			files = (
			);
			runOnlyForDeploymentPostprocessing = 0;
		};
/* End PBXResourcesBuildPhase section */

/* Begin PBXSourcesBuildPhase section */
		CA84DA5F2E4C715F00967948 /* Sources */ = {
			isa = PBXSourcesBuildPhase;
			buildActionMask = 2147483647;
			files = (
			);
			runOnlyForDeploymentPostprocessing = 0;
		};
		CA84DA712E4C716200967948 /* Sources */ = {
			isa = PBXSourcesBuildPhase;
			buildActionMask = 2147483647;
			files = (
			);
			runOnlyForDeploymentPostprocessing = 0;
		};
		CA84DA7B2E4C716200967948 /* Sources */ = {
			isa = PBXSourcesBuildPhase;
			buildActionMask = 2147483647;
			files = (
			);
			runOnlyForDeploymentPostprocessing = 0;
		};
/* End PBXSourcesBuildPhase section */

/* Begin PBXTargetDependency section */
		CA84DA772E4C716200967948 /* PBXTargetDependency */ = {
			isa = PBXTargetDependency;
			target = CA84DA622E4C715F00967948 /* eWeather */;
			targetProxy = CA84DA762E4C716200967948 /* PBXContainerItemProxy */;
		};
		CA84DA812E4C716200967948 /* PBXTargetDependency */ = {
			isa = PBXTargetDependency;
			target = CA84DA622E4C715F00967948 /* eWeather */;
			targetProxy = CA84DA802E4C716200967948 /* PBXContainerItemProxy */;
		};
/* End PBXTargetDependency section */

/* Begin XCBuildConfiguration section */
		CA84DA872E4C716300967948 /* Debug */ = {
			isa = XCBuildConfiguration;
			buildSettings = {
				ALWAYS_SEARCH_USER_PATHS = NO;
				ASSETCATALOG_COMPILER_GENERATE_SWIFT_ASSET_SYMBOL_EXTENSIONS = YES;
				CLANG_ANALYZER_NONNULL = YES;
				CLANG_ANALYZER_NUMBER_OBJECT_CONVERSION = YES_AGGRESSIVE;
				CLANG_CXX_LANGUAGE_STANDARD = "gnu++20";
				CLANG_ENABLE_MODULES = YES;
				CLANG_ENABLE_OBJC_ARC = YES;
				CLANG_ENABLE_OBJC_WEAK = YES;
				CLANG_WARN_BLOCK_CAPTURE_AUTORELEASING = YES;
				CLANG_WARN_BOOL_CONVERSION = YES;
				CLANG_WARN_COMMA = YES;
				CLANG_WARN_CONSTANT_CONVERSION = YES;
				CLANG_WARN_DEPRECATED_OBJC_IMPLEMENTATIONS = YES;
				CLANG_WARN_DIRECT_OBJC_ISA_USAGE = YES_ERROR;
				CLANG_WARN_DOCUMENTATION_COMMENTS = YES;
				CLANG_WARN_EMPTY_BODY = YES;
				CLANG_WARN_ENUM_CONVERSION = YES;
				CLANG_WARN_INFINITE_RECURSION = YES;
				CLANG_WARN_INT_CONVERSION = YES;
				CLANG_WARN_NON_LITERAL_NULL_CONVERSION = YES;
				CLANG_WARN_OBJC_IMPLICIT_RETAIN_SELF = YES;
				CLANG_WARN_OBJC_LITERAL_CONVERSION = YES;
				CLANG_WARN_OBJC_ROOT_CLASS = YES_ERROR;
				CLANG_WARN_QUOTED_INCLUDE_IN_FRAMEWORK_HEADER = YES;
				CLANG_WARN_RANGE_LOOP_ANALYSIS = YES;
				CLANG_WARN_STRICT_PROTOTYPES = YES;
				CLANG_WARN_SUSPICIOUS_MOVE = YES;
				CLANG_WARN_UNGUARDED_AVAILABILITY = YES_AGGRESSIVE;
				CLANG_WARN_UNREACHABLE_CODE = YES;
				CLANG_WARN__DUPLICATE_METHOD_MATCH = YES;
				COPY_PHASE_STRIP = NO;
				DEBUG_INFORMATION_FORMAT = dwarf;
				DEVELOPMENT_TEAM = NXSUYYT36N;
				ENABLE_STRICT_OBJC_MSGSEND = YES;
				ENABLE_TESTABILITY = YES;
				ENABLE_USER_SCRIPT_SANDBOXING = YES;
				GCC_C_LANGUAGE_STANDARD = gnu17;
				GCC_DYNAMIC_NO_PIC = NO;
				GCC_NO_COMMON_BLOCKS = YES;
				GCC_OPTIMIZATION_LEVEL = 0;
				GCC_PREPROCESSOR_DEFINITIONS = (
					"DEBUG=1",
					"$(inherited)",
				);
				GCC_WARN_64_TO_32_BIT_CONVERSION = YES;
				GCC_WARN_ABOUT_RETURN_TYPE = YES_ERROR;
				GCC_WARN_UNDECLARED_SELECTOR = YES;
				GCC_WARN_UNINITIALIZED_AUTOS = YES_AGGRESSIVE;
				GCC_WARN_UNUSED_FUNCTION = YES;
				GCC_WARN_UNUSED_VARIABLE = YES;
				LOCALIZATION_PREFERS_STRING_CATALOGS = YES;
				MACOSX_DEPLOYMENT_TARGET = 15.5;
				MTL_ENABLE_DEBUG_INFO = INCLUDE_SOURCE;
				MTL_FAST_MATH = YES;
				ONLY_ACTIVE_ARCH = YES;
				SDKROOT = macosx;
			};
			name = Debug;
		};
		CA84DA882E4C716300967948 /* Release */ = {
			isa = XCBuildConfiguration;
			buildSettings = {
				ALWAYS_SEARCH_USER_PATHS = NO;
				ASSETCATALOG_COMPILER_GENERATE_SWIFT_ASSET_SYMBOL_EXTENSIONS = YES;
				CLANG_ANALYZER_NONNULL = YES;
				CLANG_ANALYZER_NUMBER_OBJECT_CONVERSION = YES_AGGRESSIVE;
				CLANG_CXX_LANGUAGE_STANDARD = "gnu++20";
				CLANG_ENABLE_MODULES = YES;
				CLANG_ENABLE_OBJC_ARC = YES;
				CLANG_ENABLE_OBJC_WEAK = YES;
				CLANG_WARN_BLOCK_CAPTURE_AUTORELEASING = YES;
				CLANG_WARN_BOOL_CONVERSION = YES;
				CLANG_WARN_COMMA = YES;
				CLANG_WARN_CONSTANT_CONVERSION = YES;
				CLANG_WARN_DEPRECATED_OBJC_IMPLEMENTATIONS = YES;
				CLANG_WARN_DIRECT_OBJC_ISA_USAGE = YES_ERROR;
				CLANG_WARN_DOCUMENTATION_COMMENTS = YES;
				CLANG_WARN_EMPTY_BODY = YES;
				CLANG_WARN_ENUM_CONVERSION = YES;
				CLANG_WARN_INFINITE_RECURSION = YES;
				CLANG_WARN_INT_CONVERSION = YES;
				CLANG_WARN_NON_LITERAL_NULL_CONVERSION = YES;
				CLANG_WARN_OBJC_IMPLICIT_RETAIN_SELF = YES;
				CLANG_WARN_OBJC_LITERAL_CONVERSION = YES;
				CLANG_WARN_OBJC_ROOT_CLASS = YES_ERROR;
				CLANG_WARN_QUOTED_INCLUDE_IN_FRAMEWORK_HEADER = YES;
				CLANG_WARN_RANGE_LOOP_ANALYSIS = YES;
				CLANG_WARN_STRICT_PROTOTYPES = YES;
				CLANG_WARN_SUSPICIOUS_MOVE = YES;
				CLANG_WARN_UNGUARDED_AVAILABILITY = YES_AGGRESSIVE;
				CLANG_WARN_UNREACHABLE_CODE = YES;
				CLANG_WARN__DUPLICATE_METHOD_MATCH = YES;
				COPY_PHASE_STRIP = NO;
				DEBUG_INFORMATION_FORMAT = "dwarf-with-dsym";
				DEVELOPMENT_TEAM = NXSUYYT36N;
				ENABLE_NS_ASSERTIONS = NO;
				ENABLE_STRICT_OBJC_MSGSEND = YES;
				ENABLE_USER_SCRIPT_SANDBOXING = YES;
				GCC_C_LANGUAGE_STANDARD = gnu17;
				GCC_NO_COMMON_BLOCKS = YES;
				GCC_WARN_64_TO_32_BIT_CONVERSION = YES;
				GCC_WARN_ABOUT_RETURN_TYPE = YES_ERROR;
				GCC_WARN_UNDECLARED_SELECTOR = YES;
				GCC_WARN_UNINITIALIZED_AUTOS = YES_AGGRESSIVE;
				GCC_WARN_UNUSED_FUNCTION = YES;
				GCC_WARN_UNUSED_VARIABLE = YES;
				LOCALIZATION_PREFERS_STRING_CATALOGS = YES;
				MACOSX_DEPLOYMENT_TARGET = 15.5;
				MTL_ENABLE_DEBUG_INFO = NO;
				MTL_FAST_MATH = YES;
				SDKROOT = macosx;
			};
			name = Release;
		};
		CA84DA8A2E4C716300967948 /* Debug */ = {
			isa = XCBuildConfiguration;
			buildSettings = {
				ASSETCATALOG_COMPILER_APPICON_NAME = AppIcon;
				ASSETCATALOG_COMPILER_GLOBAL_ACCENT_COLOR_NAME = AccentColor;
				CODE_SIGN_ENTITLEMENTS = eWeather/eWeather.entitlements;
				CODE_SIGN_STYLE = Automatic;
				COMBINE_HIDPI_IMAGES = YES;
				CURRENT_PROJECT_VERSION = 1;
				DEVELOPMENT_TEAM = NXSUYYT36N;
				ENABLE_HARDENED_RUNTIME = YES;
				GENERATE_INFOPLIST_FILE = YES;
				INFOPLIST_KEY_LSUIElement = YES;
				INFOPLIST_KEY_NSHumanReadableCopyright = "";
				INFOPLIST_KEY_NSMainNibFile = MainMenu;
				INFOPLIST_KEY_NSPrincipalClass = NSApplication;
				LD_RUNPATH_SEARCH_PATHS = (
					"$(inherited)",
					"@executable_path/../Frameworks",
				);
				MARKETING_VERSION = 1.0;
				PRODUCT_BUNDLE_IDENTIFIER = com.asuscomm.smartnclever.eWeather;
				PRODUCT_NAME = "$(TARGET_NAME)";
				REGISTER_APP_GROUPS = YES;
				SWIFT_EMIT_LOC_STRINGS = YES;
			};
			name = Debug;
		};
		CA84DA8B2E4C716300967948 /* Release */ = {
			isa = XCBuildConfiguration;
			buildSettings = {
				ASSETCATALOG_COMPILER_APPICON_NAME = AppIcon;
				ASSETCATALOG_COMPILER_GLOBAL_ACCENT_COLOR_NAME = AccentColor;
				CODE_SIGN_ENTITLEMENTS = eWeather/eWeather.entitlements;
				CODE_SIGN_STYLE = Automatic;
				COMBINE_HIDPI_IMAGES = YES;
				CURRENT_PROJECT_VERSION = 1;
				DEVELOPMENT_TEAM = NXSUYYT36N;
				ENABLE_HARDENED_RUNTIME = YES;
				GENERATE_INFOPLIST_FILE = YES;
				INFOPLIST_KEY_LSUIElement = YES;
				INFOPLIST_KEY_NSHumanReadableCopyright = "";
				INFOPLIST_KEY_NSMainNibFile = MainMenu;
				INFOPLIST_KEY_NSPrincipalClass = NSApplication;
				LD_RUNPATH_SEARCH_PATHS = (
					"$(inherited)",
					"@executable_path/../Frameworks",
				);
				MARKETING_VERSION = 1.0;
				PRODUCT_BUNDLE_IDENTIFIER = com.asuscomm.smartnclever.eWeather;
				PRODUCT_NAME = "$(TARGET_NAME)";
				REGISTER_APP_GROUPS = YES;
				SWIFT_EMIT_LOC_STRINGS = YES;
			};
			name = Release;
		};
		CA84DA8D2E4C716300967948 /* Debug */ = {
			isa = XCBuildConfiguration;
			buildSettings = {
				BUNDLE_LOADER = "$(TEST_HOST)";
				CODE_SIGN_STYLE = Automatic;
				CURRENT_PROJECT_VERSION = 1;
				DEVELOPMENT_TEAM = NXSUYYT36N;
				GENERATE_INFOPLIST_FILE = YES;
				MACOSX_DEPLOYMENT_TARGET = 15.5;
				MARKETING_VERSION = 1.0;
				PRODUCT_BUNDLE_IDENTIFIER = com.asuscomm.smartnclever.eWeatherTests;
				PRODUCT_NAME = "$(TARGET_NAME)";
				SWIFT_EMIT_LOC_STRINGS = NO;
				TEST_HOST = "$(BUILT_PRODUCTS_DIR)/eWeather.app/$(BUNDLE_EXECUTABLE_FOLDER_PATH)/eWeather";
			};
			name = Debug;
		};
		CA84DA8E2E4C716300967948 /* Release */ = {
			isa = XCBuildConfiguration;
			buildSettings = {
				BUNDLE_LOADER = "$(TEST_HOST)";
				CODE_SIGN_STYLE = Automatic;
				CURRENT_PROJECT_VERSION = 1;
				DEVELOPMENT_TEAM = NXSUYYT36N;
				GENERATE_INFOPLIST_FILE = YES;
				MACOSX_DEPLOYMENT_TARGET = 15.5;
				MARKETING_VERSION = 1.0;
				PRODUCT_BUNDLE_IDENTIFIER = com.asuscomm.smartnclever.eWeatherTests;
				PRODUCT_NAME = "$(TARGET_NAME)";
				SWIFT_EMIT_LOC_STRINGS = NO;
				TEST_HOST = "$(BUILT_PRODUCTS_DIR)/eWeather.app/$(BUNDLE_EXECUTABLE_FOLDER_PATH)/eWeather";
			};
			name = Release;
		};
		CA84DA902E4C716300967948 /* Debug */ = {
			isa = XCBuildConfiguration;
			buildSettings = {
				CODE_SIGN_STYLE = Automatic;
				CURRENT_PROJECT_VERSION = 1;
				DEVELOPMENT_TEAM = NXSUYYT36N;
				GENERATE_INFOPLIST_FILE = YES;
				MARKETING_VERSION = 1.0;
				PRODUCT_BUNDLE_IDENTIFIER = com.asuscomm.smartnclever.eWeatherUITests;
				PRODUCT_NAME = "$(TARGET_NAME)";
				SWIFT_EMIT_LOC_STRINGS = NO;
				TEST_TARGET_NAME = eWeather;
			};
			name = Debug;
		};
		CA84DA912E4C716300967948 /* Release */ = {
			isa = XCBuildConfiguration;
			buildSettings = {
				CODE_SIGN_STYLE = Automatic;
				CURRENT_PROJECT_VERSION = 1;
				DEVELOPMENT_TEAM = NXSUYYT36N;
				GENERATE_INFOPLIST_FILE = YES;
				MARKETING_VERSION = 1.0;
				PRODUCT_BUNDLE_IDENTIFIER = com.asuscomm.smartnclever.eWeatherUITests;
				PRODUCT_NAME = "$(TARGET_NAME)";
				SWIFT_EMIT_LOC_STRINGS = NO;
				TEST_TARGET_NAME = eWeather;
			};
			name = Release;
		};
/* End XCBuildConfiguration section */

/* Begin XCConfigurationList section */
		CA84DA5E2E4C715F00967948 /* Build configuration list for PBXProject "eWeather" */ = {
			isa = XCConfigurationList;
			buildConfigurations = (
				CA84DA872E4C716300967948 /* Debug */,
				CA84DA882E4C716300967948 /* Release */,
			);
			defaultConfigurationIsVisible = 0;
			defaultConfigurationName = Release;
		};
		CA84DA892E4C716300967948 /* Build configuration list for PBXNativeTarget "eWeather" */ = {
			isa = XCConfigurationList;
			buildConfigurations = (
				CA84DA8A2E4C716300967948 /* Debug */,
				CA84DA8B2E4C716300967948 /* Release */,
			);
			defaultConfigurationIsVisible = 0;
			defaultConfigurationName = Release;
		};
		CA84DA8C2E4C716300967948 /* Build configuration list for PBXNativeTarget "eWeatherTests" */ = {
			isa = XCConfigurationList;
			buildConfigurations = (
				CA84DA8D2E4C716300967948 /* Debug */,
				CA84DA8E2E4C716300967948 /* Release */,
			);
			defaultConfigurationIsVisible = 0;
			defaultConfigurationName = Release;
		};
		CA84DA8F2E4C716300967948 /* Build configuration list for PBXNativeTarget "eWeatherUITests" */ = {
			isa = XCConfigurationList;
			buildConfigurations = (
				CA84DA902E4C716300967948 /* Debug */,
				CA84DA912E4C716300967948 /* Release */,
			);
			defaultConfigurationIsVisible = 0;
			defaultConfigurationName = Release;
		};
/* End XCConfigurationList section */
	};
	rootObject = CA84DA5B2E4C715F00967948 /* Project object */;
}
